
Microsoft Visual Studio Solution File, Format Version 12.00
# Visual Studio Version 16
VisualStudioVersion = 16.0.29009.5
MinimumVisualStudioVersion = 10.0.40219.1
Project("{FAE04EC0-301F-11D3-BF4B-00C04F79EFBC}") = "uwpUI", "uwpUI\uwpUI.csproj", "{812C39F0-B9B7-446D-AF79-B04662F668BD}"
EndProject
Project("{9A19103F-16F7-4668-BE54-9A1E7A4F7556}") = "uwpUI.Core", "uwpUI.Core\uwpUI.Core.csproj", "{C1992EE2-9034-4E17-AEAC-FAA040E04385}"
EndProject
Project("{FAE04EC0-301F-11D3-BF4B-00C04F79EFBC}") = "uwpUI.Migrations.Startup", "uwpUi.Migrations.Startup\uwpUI.Migrations.Startup.csproj", "{316CA5D6-3561-4433-B411-A3938D9C7C54}"
EndProject
Global
	GlobalSection(SolutionConfigurationPlatforms) = preSolution
		Debug|Any CPU = Debug|Any CPU
		Debug|ARM = Debug|ARM
		Debug|x64 = Debug|x64
		Debug|x86 = Debug|x86
		Release|Any CPU = Release|Any CPU
		Release|ARM = Release|ARM
		Release|x64 = Release|x64
		Release|x86 = Release|x86
	EndGlobalSection
	GlobalSection(ProjectConfigurationPlatforms) = postSolution
		{812C39F0-B9B7-446D-AF79-B04662F668BD}.Debug|Any CPU.ActiveCfg = Debug|x86
		{812C39F0-B9B7-446D-AF79-B04662F668BD}.Debug|ARM.ActiveCfg = Debug|ARM
		{812C39F0-B9B7-446D-AF79-B04662F668BD}.Debug|ARM.Build.0 = Debug|ARM
		{812C39F0-B9B7-446D-AF79-B04662F668BD}.Debug|ARM.Deploy.0 = Debug|ARM
		{812C39F0-B9B7-446D-AF79-B04662F668BD}.Debug|x64.ActiveCfg = Debug|x64
		{812C39F0-B9B7-446D-AF79-B04662F668BD}.Debug|x64.Build.0 = Debug|x64
		{812C39F0-B9B7-446D-AF79-B04662F668BD}.Debug|x64.Deploy.0 = Debug|x64
		{812C39F0-B9B7-446D-AF79-B04662F668BD}.Debug|x86.ActiveCfg = Debug|x86
		{812C39F0-B9B7-446D-AF79-B04662F668BD}.Debug|x86.Build.0 = Debug|x86
		{812C39F0-B9B7-446D-AF79-B04662F668BD}.Debug|x86.Deploy.0 = Debug|x86
		{812C39F0-B9B7-446D-AF79-B04662F668BD}.Release|Any CPU.ActiveCfg = Release|x86
		{812C39F0-B9B7-446D-AF79-B04662F668BD}.Release|ARM.ActiveCfg = Release|ARM
		{812C39F0-B9B7-446D-AF79-B04662F668BD}.Release|ARM.Build.0 = Release|ARM
		{812C39F0-B9B7-446D-AF79-B04662F668BD}.Release|ARM.Deploy.0 = Release|ARM
		{812C39F0-B9B7-446D-AF79-B04662F668BD}.Release|x64.ActiveCfg = Release|x64
		{812C39F0-B9B7-446D-AF79-B04662F668BD}.Release|x64.Build.0 = Release|x64
		{812C39F0-B9B7-446D-AF79-B04662F668BD}.Release|x64.Deploy.0 = Release|x64
		{812C39F0-B9B7-446D-AF79-B04662F668BD}.Release|x86.ActiveCfg = Release|x86
		{812C39F0-B9B7-446D-AF79-B04662F668BD}.Release|x86.Build.0 = Release|x86
		{812C39F0-B9B7-446D-AF79-B04662F668BD}.Release|x86.Deploy.0 = Release|x86
		{C1992EE2-9034-4E17-AEAC-FAA040E04385}.Debug|Any CPU.ActiveCfg = Debug|Any CPU
		{C1992EE2-9034-4E17-AEAC-FAA040E04385}.Debug|Any CPU.Build.0 = Debug|Any CPU
		{C1992EE2-9034-4E17-AEAC-FAA040E04385}.Debug|ARM.ActiveCfg = Debug|Any CPU
		{C1992EE2-9034-4E17-AEAC-FAA040E04385}.Debug|ARM.Build.0 = Debug|Any CPU
		{C1992EE2-9034-4E17-AEAC-FAA040E04385}.Debug|x64.ActiveCfg = Debug|Any CPU
		{C1992EE2-9034-4E17-AEAC-FAA040E04385}.Debug|x64.Build.0 = Debug|Any CPU
		{C1992EE2-9034-4E17-AEAC-FAA040E04385}.Debug|x86.ActiveCfg = Debug|Any CPU
		{C1992EE2-9034-4E17-AEAC-FAA040E04385}.Debug|x86.Build.0 = Debug|Any CPU
		{C1992EE2-9034-4E17-AEAC-FAA040E04385}.Release|Any CPU.ActiveCfg = Release|Any CPU
		{C1992EE2-9034-4E17-AEAC-FAA040E04385}.Release|Any CPU.Build.0 = Release|Any CPU
		{C1992EE2-9034-4E17-AEAC-FAA040E04385}.Release|ARM.ActiveCfg = Release|Any CPU
		{C1992EE2-9034-4E17-AEAC-FAA040E04385}.Release|ARM.Build.0 = Release|Any CPU
		{C1992EE2-9034-4E17-AEAC-FAA040E04385}.Release|x64.ActiveCfg = Release|Any CPU
		{C1992EE2-9034-4E17-AEAC-FAA040E04385}.Release|x64.Build.0 = Release|Any CPU
		{C1992EE2-9034-4E17-AEAC-FAA040E04385}.Release|x86.ActiveCfg = Release|Any CPU
		{C1992EE2-9034-4E17-AEAC-FAA040E04385}.Release|x86.Build.0 = Release|Any CPU
		{316CA5D6-3561-4433-B411-A3938D9C7C54}.Debug|Any CPU.ActiveCfg = Debug|Any CPU
		{316CA5D6-3561-4433-B411-A3938D9C7C54}.Debug|Any CPU.Build.0 = Debug|Any CPU
		{316CA5D6-3561-4433-B411-A3938D9C7C54}.Debug|ARM.ActiveCfg = Debug|Any CPU
		{316CA5D6-3561-4433-B411-A3938D9C7C54}.Debug|ARM.Build.0 = Debug|Any CPU
		{316CA5D6-3561-4433-B411-A3938D9C7C54}.Debug|x64.ActiveCfg = Debug|Any CPU
		{316CA5D6-3561-4433-B411-A3938D9C7C54}.Debug|x64.Build.0 = Debug|Any CPU
		{316CA5D6-3561-4433-B411-A3938D9C7C54}.Debug|x86.ActiveCfg = Debug|Any CPU
		{316CA5D6-3561-4433-B411-A3938D9C7C54}.Debug|x86.Build.0 = Debug|Any CPU
		{316CA5D6-3561-4433-B411-A3938D9C7C54}.Release|Any CPU.ActiveCfg = Release|Any CPU
		{316CA5D6-3561-4433-B411-A3938D9C7C54}.Release|Any CPU.Build.0 = Release|Any CPU
		{316CA5D6-3561-4433-B411-A3938D9C7C54}.Release|ARM.ActiveCfg = Release|Any CPU
		{316CA5D6-3561-4433-B411-A3938D9C7C54}.Release|ARM.Build.0 = Release|Any CPU
		{316CA5D6-3561-4433-B411-A3938D9C7C54}.Release|x64.ActiveCfg = Release|Any CPU
		{316CA5D6-3561-4433-B411-A3938D9C7C54}.Release|x64.Build.0 = Release|Any CPU
		{316CA5D6-3561-4433-B411-A3938D9C7C54}.Release|x86.ActiveCfg = Release|Any CPU
		{316CA5D6-3561-4433-B411-A3938D9C7C54}.Release|x86.Build.0 = Release|Any CPU
	EndGlobalSection
	GlobalSection(SolutionProperties) = preSolution
		HideSolutionNode = FALSE
	EndGlobalSection
	GlobalSection(ExtensibilityGlobals) = postSolution
		SolutionGuid = {D9BE79AC-5D73-4359-AFA4-DBDA355CBBC9}
	EndGlobalSection
EndGlobal
